{
  "name": "lipwig-chat",
  "version": "0.0.1",
  "lockfileVersion": 1,
  "requires": true,
  "dependencies": {
    "lipwig-events": {
      "version": "0.0.4",
      "resolved": "https://registry.npmjs.org/lipwig-events/-/lipwig-events-0.0.4.tgz",
      "integrity": "sha512-3pzYG2cF91Ksh6Fk1FEZumkzAObsg0zKf/KD3d+t4ZTSRD20kJwrhMnhpFi4Mo3UT9yKIoaBofb3fBhrNiJ/qQ=="
    },
    "lipwigjs": {
      "version": "1.2.2",
      "resolved": "https://registry.npmjs.org/lipwigjs/-/lipwigjs-1.2.2.tgz",
      "integrity": "sha512-/E0vkKQss0TnuJ6zTAdyMnTSuFmen6IRyFX/JHdrHruE4FhJl6k7RWlKLW+sCoPce5CkEXrgIMP/8RP1InThNw==",
      "requires": {
        "lipwig-events": "0.0.4"
      }
    },
    "typescript": {
      "version": "4.0.2",
      "resolved": "https://registry.npmjs.org/typescript/-/typescript-4.0.2.tgz",
      "integrity": "sha512-e4ERvRV2wb+rRZ/IQeb3jm2VxBsirQLpQhdxplZ2MEzGvDkkMmPglecnNDfSUBivMjP93vRbngYYDQqQ/78bcQ==",
      "dev": true
    }
  }
}
